
Microsoft Visual Studio Solution File, Format Version 11.00
# Visual Studio 2010
Project("{FAE04EC0-301F-11D3-BF4B-00C04F79EFBC}") = "Gear Prime", "Nova Gear\Gear Prime.csproj", "{D7A13384-B099-4B68-8ED8-D8B3BE3412F1}"
EndProject
Project("{54435603-DBB4-11D2-8724-00A0C9A8B90C}") = "Instalación Nova", "Setup1\Setup1.vdproj", "{C8A50D43-A06F-4A42-9CD7-01CB15590E90}"
EndProject
Project("{54435603-DBB4-11D2-8724-00A0C9A8B90C}") = "Instalador Gear Prime", "Instalador Gear Prime\Instalador Gear Prime.vdproj", "{F05ADC59-C661-4239-A03C-A895B7676EFE}"
EndProject
Project("{930C7802-8A8C-48F9-8165-68863BCCD9DD}") = "Instalador_Gear_Wix", "Instalador_Gear_Wix\Instalador_Gear_Wix.wixproj", "{EC343352-3287-4D5B-8D92-4FFA0B8A5F49}"
EndProject
Global
	GlobalSection(SolutionConfigurationPlatforms) = preSolution
		Debug|Any CPU = Debug|Any CPU
		Debug|x64 = Debug|x64
		Debug|x86 = Debug|x86
		Release|Any CPU = Release|Any CPU
		Release|x64 = Release|x64
		Release|x86 = Release|x86
	EndGlobalSection
	GlobalSection(ProjectConfigurationPlatforms) = postSolution
		{D7A13384-B099-4B68-8ED8-D8B3BE3412F1}.Debug|Any CPU.ActiveCfg = Debug|Any CPU
		{D7A13384-B099-4B68-8ED8-D8B3BE3412F1}.Debug|Any CPU.Build.0 = Debug|Any CPU
		{D7A13384-B099-4B68-8ED8-D8B3BE3412F1}.Debug|x64.ActiveCfg = Debug|Any CPU
		{D7A13384-B099-4B68-8ED8-D8B3BE3412F1}.Debug|x64.Build.0 = Debug|Any CPU
		{D7A13384-B099-4B68-8ED8-D8B3BE3412F1}.Debug|x86.ActiveCfg = Debug|x86
		{D7A13384-B099-4B68-8ED8-D8B3BE3412F1}.Debug|x86.Build.0 = Debug|x86
		{D7A13384-B099-4B68-8ED8-D8B3BE3412F1}.Release|Any CPU.ActiveCfg = Release|Any CPU
		{D7A13384-B099-4B68-8ED8-D8B3BE3412F1}.Release|Any CPU.Build.0 = Release|Any CPU
		{D7A13384-B099-4B68-8ED8-D8B3BE3412F1}.Release|x64.ActiveCfg = Release|x64
		{D7A13384-B099-4B68-8ED8-D8B3BE3412F1}.Release|x64.Build.0 = Release|x64
		{D7A13384-B099-4B68-8ED8-D8B3BE3412F1}.Release|x86.ActiveCfg = Release|x86
		{D7A13384-B099-4B68-8ED8-D8B3BE3412F1}.Release|x86.Build.0 = Release|x86
		{C8A50D43-A06F-4A42-9CD7-01CB15590E90}.Debug|Any CPU.ActiveCfg = Debug
		{C8A50D43-A06F-4A42-9CD7-01CB15590E90}.Debug|x64.ActiveCfg = Debug
		{C8A50D43-A06F-4A42-9CD7-01CB15590E90}.Debug|x86.ActiveCfg = Debug
		{C8A50D43-A06F-4A42-9CD7-01CB15590E90}.Debug|x86.Build.0 = Debug
		{C8A50D43-A06F-4A42-9CD7-01CB15590E90}.Release|Any CPU.ActiveCfg = Release
		{C8A50D43-A06F-4A42-9CD7-01CB15590E90}.Release|x64.ActiveCfg = Release
		{C8A50D43-A06F-4A42-9CD7-01CB15590E90}.Release|x64.Build.0 = Release
		{C8A50D43-A06F-4A42-9CD7-01CB15590E90}.Release|x86.ActiveCfg = Release
		{C8A50D43-A06F-4A42-9CD7-01CB15590E90}.Release|x86.Build.0 = Release
		{F05ADC59-C661-4239-A03C-A895B7676EFE}.Debug|Any CPU.ActiveCfg = Debug
		{F05ADC59-C661-4239-A03C-A895B7676EFE}.Debug|x64.ActiveCfg = Debug
		{F05ADC59-C661-4239-A03C-A895B7676EFE}.Debug|x86.ActiveCfg = Debug
		{F05ADC59-C661-4239-A03C-A895B7676EFE}.Debug|x86.Build.0 = Debug
		{F05ADC59-C661-4239-A03C-A895B7676EFE}.Release|Any CPU.ActiveCfg = Release
		{F05ADC59-C661-4239-A03C-A895B7676EFE}.Release|x64.ActiveCfg = Release
		{F05ADC59-C661-4239-A03C-A895B7676EFE}.Release|x64.Build.0 = Release
		{F05ADC59-C661-4239-A03C-A895B7676EFE}.Release|x86.ActiveCfg = Release
		{F05ADC59-C661-4239-A03C-A895B7676EFE}.Release|x86.Build.0 = Release
		{EC343352-3287-4D5B-8D92-4FFA0B8A5F49}.Debug|Any CPU.ActiveCfg = Debug|x86
		{EC343352-3287-4D5B-8D92-4FFA0B8A5F49}.Debug|x64.ActiveCfg = Debug|x86
		{EC343352-3287-4D5B-8D92-4FFA0B8A5F49}.Debug|x86.ActiveCfg = Debug|x86
		{EC343352-3287-4D5B-8D92-4FFA0B8A5F49}.Debug|x86.Build.0 = Debug|x86
		{EC343352-3287-4D5B-8D92-4FFA0B8A5F49}.Release|Any CPU.ActiveCfg = Release|x86
		{EC343352-3287-4D5B-8D92-4FFA0B8A5F49}.Release|x64.ActiveCfg = Release|x86
		{EC343352-3287-4D5B-8D92-4FFA0B8A5F49}.Release|x86.ActiveCfg = Release|x86
		{EC343352-3287-4D5B-8D92-4FFA0B8A5F49}.Release|x86.Build.0 = Release|x86
	EndGlobalSection
	GlobalSection(SolutionProperties) = preSolution
		HideSolutionNode = FALSE
	EndGlobalSection
	GlobalSection(ExtensibilityGlobals) = postSolution
		SolutionGuid = {A7B57CC4-73DD-47DE-AB64-DE809A721E47}
	EndGlobalSection
EndGlobal
